// !$*UTF8*$!
{
	archiveVersion = 1;
	classes = {
	};
	objectVersion = 46;
	objects = {

/* Begin PBXBuildFile section */
		F896CFB61D4C37680042DB85 /* CAAnimation+SettingMethods.m in Sources */ = {isa = PBXBuildFile; fileRef = F896CFB51D4C37680042DB85 /* CAAnimation+SettingMethods.m */; };
		F896CFBB1D4FA3CE0042DB85 /* downloadLayer.m in Sources */ = {isa = PBXBuildFile; fileRef = F896CFBA1D4FA3CE0042DB85 /* downloadLayer.m */; };
		F8FE56F71D555F3D002D5D5A /* UIBezierPath+CalcLength.m in Sources */ = {isa = PBXBuildFile; fileRef = F8FE56F61D555F3D002D5D5A /* UIBezierPath+CalcLength.m */; };
		FAEB15D31D49DD41007DBA02 /* main.m in Sources */ = {isa = PBXBuildFile; fileRef = FAEB15D21D49DD41007DBA02 /* main.m */; };
		FAEB15D61D49DD41007DBA02 /* AppDelegate.m in Sources */ = {isa = PBXBuildFile; fileRef = FAEB15D51D49DD41007DBA02 /* AppDelegate.m */; };
		FAEB15D91D49DD41007DBA02 /* ViewController.m in Sources */ = {isa = PBXBuildFile; fileRef = FAEB15D81D49DD41007DBA02 /* ViewController.m */; };
		FAEB15DC1D49DD41007DBA02 /* Main.storyboard in Resources */ = {isa = PBXBuildFile; fileRef = FAEB15DA1D49DD41007DBA02 /* Main.storyboard */; };
		FAEB15DE1D49DD41007DBA02 /* Assets.xcassets in Resources */ = {isa = PBXBuildFile; fileRef = FAEB15DD1D49DD41007DBA02 /* Assets.xcassets */; };
		FAEB15E11D49DD41007DBA02 /* LaunchScreen.storyboard in Resources */ = {isa = PBXBuildFile; fileRef = FAEB15DF1D49DD41007DBA02 /* LaunchScreen.storyboard */; };
/* End PBXBuildFile section */

/* Begin PBXFileReference section */
		F896CFB41D4C37680042DB85 /* CAAnimation+SettingMethods.h */ = {isa = PBXFileReference; fileEncoding = 4; lastKnownFileType = sourcecode.c.h; name = "CAAnimation+SettingMethods.h"; path = "Animations/Category/CAAnimation+SettingMethods.h"; sourceTree = "<group>"; };
		F896CFB51D4C37680042DB85 /* CAAnimation+SettingMethods.m */ = {isa = PBXFileReference; fileEncoding = 4; lastKnownFileType = sourcecode.c.objc; name = "CAAnimation+SettingMethods.m"; path = "Animations/Category/CAAnimation+SettingMethods.m"; sourceTree = "<group>"; };
		F896CFB71D4C39E90042DB85 /* Headers.pch */ = {isa = PBXFileReference; lastKnownFileType = sourcecode.c.h; path = Headers.pch; sourceTree = "<group>"; };
		F896CFB91D4FA3CE0042DB85 /* downloadLayer.h */ = {isa = PBXFileReference; fileEncoding = 4; lastKnownFileType = sourcecode.c.h; name = downloadLayer.h; path = LayerBuilding/downloadLayer.h; sourceTree = "<group>"; };
		F896CFBA1D4FA3CE0042DB85 /* downloadLayer.m */ = {isa = PBXFileReference; fileEncoding = 4; lastKnownFileType = sourcecode.c.objc; name = downloadLayer.m; path = LayerBuilding/downloadLayer.m; sourceTree = "<group>"; };
		F8FE56F51D555F3D002D5D5A /* UIBezierPath+CalcLength.h */ = {isa = PBXFileReference; fileEncoding = 4; lastKnownFileType = sourcecode.c.h; name = "UIBezierPath+CalcLength.h"; path = "Animations/Category/UIBezierPath+CalcLength.h"; sourceTree = "<group>"; };
		F8FE56F61D555F3D002D5D5A /* UIBezierPath+CalcLength.m */ = {isa = PBXFileReference; fileEncoding = 4; lastKnownFileType = sourcecode.c.objc; name = "UIBezierPath+CalcLength.m"; path = "Animations/Category/UIBezierPath+CalcLength.m"; sourceTree = "<group>"; };
		FAEB15CE1D49DD41007DBA02 /* Animations.app */ = {isa = PBXFileReference; explicitFileType = wrapper.application; includeInIndex = 0; path = Animations.app; sourceTree = BUILT_PRODUCTS_DIR; };
		FAEB15D21D49DD41007DBA02 /* main.m */ = {isa = PBXFileReference; lastKnownFileType = sourcecode.c.objc; path = main.m; sourceTree = "<group>"; };
		FAEB15D41D49DD41007DBA02 /* AppDelegate.h */ = {isa = PBXFileReference; lastKnownFileType = sourcecode.c.h; path = AppDelegate.h; sourceTree = "<group>"; };
		FAEB15D51D49DD41007DBA02 /* AppDelegate.m */ = {isa = PBXFileReference; lastKnownFileType = sourcecode.c.objc; path = AppDelegate.m; sourceTree = "<group>"; };
		FAEB15D71D49DD41007DBA02 /* ViewController.h */ = {isa = PBXFileReference; lastKnownFileType = sourcecode.c.h; path = ViewController.h; sourceTree = "<group>"; };
		FAEB15D81D49DD41007DBA02 /* ViewController.m */ = {isa = PBXFileReference; lastKnownFileType = sourcecode.c.objc; path = ViewController.m; sourceTree = "<group>"; };
		FAEB15DB1D49DD41007DBA02 /* Base */ = {isa = PBXFileReference; lastKnownFileType = file.storyboard; name = Base; path = Base.lproj/Main.storyboard; sourceTree = "<group>"; };
		FAEB15DD1D49DD41007DBA02 /* Assets.xcassets */ = {isa = PBXFileReference; lastKnownFileType = folder.assetcatalog; path = Assets.xcassets; sourceTree = "<group>"; };
		FAEB15E01D49DD41007DBA02 /* Base */ = {isa = PBXFileReference; lastKnownFileType = file.storyboard; name = Base; path = Base.lproj/LaunchScreen.storyboard; sourceTree = "<group>"; };
		FAEB15E21D49DD41007DBA02 /* Info.plist */ = {isa = PBXFileReference; lastKnownFileType = text.plist.xml; path = Info.plist; sourceTree = "<group>"; };
/* End PBXFileReference section */

/* Begin PBXFrameworksBuildPhase section */
		FAEB15CB1D49DD41007DBA02 /* Frameworks */ = {
			isa = PBXFrameworksBuildPhase;
			buildActionMask = 2147483647;
			files = (
			);
			runOnlyForDeploymentPostprocessing = 0;
		};
/* End PBXFrameworksBuildPhase section */

/* Begin PBXGroup section */
		F896CFB31D4C372E0042DB85 /* Category */ = {
			isa = PBXGroup;
			children = (
				F896CFB41D4C37680042DB85 /* CAAnimation+SettingMethods.h */,
				F896CFB51D4C37680042DB85 /* CAAnimation+SettingMethods.m */,
				F8FE56F51D555F3D002D5D5A /* UIBezierPath+CalcLength.h */,
				F8FE56F61D555F3D002D5D5A /* UIBezierPath+CalcLength.m */,
			);
			name = Category;
			path = ..;
			sourceTree = "<group>";
		};
		F896CFB81D4FA3860042DB85 /* LayerBuilding */ = {
			isa = PBXGroup;
			children = (
				F896CFB91D4FA3CE0042DB85 /* downloadLayer.h */,
				F896CFBA1D4FA3CE0042DB85 /* downloadLayer.m */,
			);
			name = LayerBuilding;
			sourceTree = "<group>";
		};
		FAEB15C51D49DD41007DBA02 = {
			isa = PBXGroup;
			children = (
				FAEB15D01D49DD41007DBA02 /* Animations */,
				FAEB15CF1D49DD41007DBA02 /* Products */,
			);
			sourceTree = "<group>";
		};
		FAEB15CF1D49DD41007DBA02 /* Products */ = {
			isa = PBXGroup;
			children = (
				FAEB15CE1D49DD41007DBA02 /* Animations.app */,
			);
			name = Products;
			sourceTree = "<group>";
		};
		FAEB15D01D49DD41007DBA02 /* Animations */ = {
			isa = PBXGroup;
			children = (
				F896CFB81D4FA3860042DB85 /* LayerBuilding */,
				F896CFB31D4C372E0042DB85 /* Category */,
				FAEB15D41D49DD41007DBA02 /* AppDelegate.h */,
				FAEB15D51D49DD41007DBA02 /* AppDelegate.m */,
				FAEB15D71D49DD41007DBA02 /* ViewController.h */,
				FAEB15D81D49DD41007DBA02 /* ViewController.m */,
				FAEB15DA1D49DD41007DBA02 /* Main.storyboard */,
				FAEB15DD1D49DD41007DBA02 /* Assets.xcassets */,
				FAEB15DF1D49DD41007DBA02 /* LaunchScreen.storyboard */,
				FAEB15E21D49DD41007DBA02 /* Info.plist */,
				FAEB15D11D49DD41007DBA02 /* Supporting Files */,
			);
			path = Animations;
			sourceTree = "<group>";
		};
		FAEB15D11D49DD41007DBA02 /* Supporting Files */ = {
			isa = PBXGroup;
			children = (
				FAEB15D21D49DD41007DBA02 /* main.m */,
				F896CFB71D4C39E90042DB85 /* Headers.pch */,
			);
			name = "Supporting Files";
			sourceTree = "<group>";
		};
/* End PBXGroup section */

/* Begin PBXNativeTarget section */
		FAEB15CD1D49DD41007DBA02 /* Animations */ = {
			isa = PBXNativeTarget;
			buildConfigurationList = FAEB15E51D49DD41007DBA02 /* Build configuration list for PBXNativeTarget "Animations" */;
			buildPhases = (
				FAEB15CA1D49DD41007DBA02 /* Sources */,
				FAEB15CB1D49DD41007DBA02 /* Frameworks */,
				FAEB15CC1D49DD41007DBA02 /* Resources */,
			);
			buildRules = (
			);
			dependencies = (
			);
			name = Animations;
			productName = Animations;
			productReference = FAEB15CE1D49DD41007DBA02 /* Animations.app */;
			productType = "com.apple.product-type.application";
		};
/* End PBXNativeTarget section */

/* Begin PBXProject section */
		FAEB15C61D49DD41007DBA02 /* Project object */ = {
			isa = PBXProject;
			attributes = {
				LastUpgradeCheck = 0730;
				ORGANIZATIONNAME = NonMac;
				TargetAttributes = {
					FAEB15CD1D49DD41007DBA02 = {
						CreatedOnToolsVersion = 7.3.1;
						DevelopmentTeam = 9PS2W69DTY;
					};
				};
			};
			buildConfigurationList = FAEB15C91D49DD41007DBA02 /* Build configuration list for PBXProject "Animations" */;
			compatibilityVersion = "Xcode 3.2";
			developmentRegion = English;
			hasScannedForEncodings = 0;
			knownRegions = (
				en,
				Base,
			);
			mainGroup = FAEB15C51D49DD41007DBA02;
			productRefGroup = FAEB15CF1D49DD41007DBA02 /* Products */;
			projectDirPath = "";
			projectRoot = "";
			targets = (
				FAEB15CD1D49DD41007DBA02 /* Animations */,
			);
		};
/* End PBXProject section */

/* Begin PBXResourcesBuildPhase section */
		FAEB15CC1D49DD41007DBA02 /* Resources */ = {
			isa = PBXResourcesBuildPhase;
			buildActionMask = 2147483647;
			files = (
				FAEB15E11D49DD41007DBA02 /* LaunchScreen.storyboard in Resources */,
				FAEB15DE1D49DD41007DBA02 /* Assets.xcassets in Resources */,
				FAEB15DC1D49DD41007DBA02 /* Main.storyboard in Resources */,
			);
			runOnlyForDeploymentPostprocessing = 0;
		};
/* End PBXResourcesBuildPhase section */

/* Begin PBXSourcesBuildPhase section */
		FAEB15CA1D49DD41007DBA02 /* Sources */ = {
			isa = PBXSourcesBuildPhase;
			buildActionMask = 2147483647;
			files = (
				F8FE56F71D555F3D002D5D5A /* UIBezierPath+CalcLength.m in Sources */,
				F896CFB61D4C37680042DB85 /* CAAnimation+SettingMethods.m in Sources */,
				FAEB15D91D49DD41007DBA02 /* ViewController.m in Sources */,
				FAEB15D61D49DD41007DBA02 /* AppDelegate.m in Sources */,
				FAEB15D31D49DD41007DBA02 /* main.m in Sources */,
				F896CFBB1D4FA3CE0042DB85 /* downloadLayer.m in Sources */,
			);
			runOnlyForDeploymentPostprocessing = 0;
		};
/* End PBXSourcesBuildPhase section */

/* Begin PBXVariantGroup section */
		FAEB15DA1D49DD41007DBA02 /* Main.storyboard */ = {
			isa = PBXVariantGroup;
			children = (
				FAEB15DB1D49DD41007DBA02 /* Base */,
			);
			name = Main.storyboard;
			sourceTree = "<group>";
		};
		FAEB15DF1D49DD41007DBA02 /* LaunchScreen.storyboard */ = {
			isa = PBXVariantGroup;
			children = (
				FAEB15E01D49DD41007DBA02 /* Base */,
			);
			name = LaunchScreen.storyboard;
			sourceTree = "<group>";
		};
/* End PBXVariantGroup section */

/* Begin XCBuildConfiguration section */
		FAEB15E31D49DD41007DBA02 /* Debug */ = {
			isa = XCBuildConfiguration;
			buildSettings = {
				ALWAYS_SEARCH_USER_PATHS = NO;
				CLANG_ANALYZER_NONNULL = YES;
				CLANG_CXX_LANGUAGE_STANDARD = "gnu++0x";
				CLANG_CXX_LIBRARY = "libc++";
				CLANG_ENABLE_MODULES = YES;
				CLANG_ENABLE_OBJC_ARC = YES;
				CLANG_WARN_BOOL_CONVERSION = YES;
				CLANG_WARN_CONSTANT_CONVERSION = YES;
				CLANG_WARN_DIRECT_OBJC_ISA_USAGE = YES_ERROR;
				CLANG_WARN_EMPTY_BODY = YES;
				CLANG_WARN_ENUM_CONVERSION = YES;
				CLANG_WARN_INT_CONVERSION = YES;
				CLANG_WARN_OBJC_ROOT_CLASS = YES_ERROR;
				CLANG_WARN_UNREACHABLE_CODE = YES;
				CLANG_WARN__DUPLICATE_METHOD_MATCH = YES;
				"CODE_SIGN_IDENTITY[sdk=iphoneos*]" = "iPhone Developer";
				COPY_PHASE_STRIP = NO;
				DEBUG_INFORMATION_FORMAT = dwarf;
				ENABLE_STRICT_OBJC_MSGSEND = YES;
				ENABLE_TESTABILITY = YES;
				GCC_C_LANGUAGE_STANDARD = gnu99;
				GCC_DYNAMIC_NO_PIC = NO;
				GCC_NO_COMMON_BLOCKS = YES;
				GCC_OPTIMIZATION_LEVEL = 0;
				GCC_PREPROCESSOR_DEFINITIONS = (
					"DEBUG=1",
					"$(inherited)",
				);
				GCC_WARN_64_TO_32_BIT_CONVERSION = YES;
				GCC_WARN_ABOUT_RETURN_TYPE = YES_ERROR;
				GCC_WARN_UNDECLARED_SELECTOR = YES;
				GCC_WARN_UNINITIALIZED_AUTOS = YES_AGGRESSIVE;
				GCC_WARN_UNUSED_FUNCTION = YES;
				GCC_WARN_UNUSED_VARIABLE = YES;
				IPHONEOS_DEPLOYMENT_TARGET = 9.3;
				MTL_ENABLE_DEBUG_INFO = YES;
				ONLY_ACTIVE_ARCH = YES;
				SDKROOT = iphoneos;
				TARGETED_DEVICE_FAMILY = "1,2";
			};
			name = Debug;
		};
		FAEB15E41D49DD41007DBA02 /* Release */ = {
			isa = XCBuildConfiguration;
			buildSettings = {
				ALWAYS_SEARCH_USER_PATHS = NO;
				CLANG_ANALYZER_NONNULL = YES;
				CLANG_CXX_LANGUAGE_STANDARD = "gnu++0x";
				CLANG_CXX_LIBRARY = "libc++";
				CLANG_ENABLE_MODULES = YES;
				CLANG_ENABLE_OBJC_ARC = YES;
				CLANG_WARN_BOOL_CONVERSION = YES;
				CLANG_WARN_CONSTANT_CONVERSION = YES;
				CLANG_WARN_DIRECT_OBJC_ISA_USAGE = YES_ERROR;
				CLANG_WARN_EMPTY_BODY = YES;
				CLANG_WARN_ENUM_CONVERSION = YES;
				CLANG_WARN_INT_CONVERSION = YES;
				CLANG_WARN_OBJC_ROOT_CLASS = YES_ERROR;
				CLANG_WARN_UNREACHABLE_CODE = YES;
				CLANG_WARN__DUPLICATE_METHOD_MATCH = YES;
				"CODE_SIGN_IDENTITY[sdk=iphoneos*]" = "iPhone Developer";
				COPY_PHASE_STRIP = NO;
				DEBUG_INFORMATION_FORMAT = "dwarf-with-dsym";
				ENABLE_NS_ASSERTIONS = NO;
				ENABLE_STRICT_OBJC_MSGSEND = YES;
				GCC_C_LANGUAGE_STANDARD = gnu99;
				GCC_NO_COMMON_BLOCKS = YES;
				GCC_WARN_64_TO_32_BIT_CONVERSION = YES;
				GCC_WARN_ABOUT_RETURN_TYPE = YES_ERROR;
				GCC_WARN_UNDECLARED_SELECTOR = YES;
				GCC_WARN_UNINITIALIZED_AUTOS = YES_AGGRESSIVE;
				GCC_WARN_UNUSED_FUNCTION = YES;
				GCC_WARN_UNUSED_VARIABLE = YES;
				IPHONEOS_DEPLOYMENT_TARGET = 9.3;
				MTL_ENABLE_DEBUG_INFO = NO;
				SDKROOT = iphoneos;
				TARGETED_DEVICE_FAMILY = "1,2";
				VALIDATE_PRODUCT = YES;
			};
			name = Release;
		};
		FAEB15E61D49DD41007DBA02 /* Debug */ = {
			isa = XCBuildConfiguration;
			buildSettings = {
				ASSETCATALOG_COMPILER_APPICON_NAME = AppIcon;
				CODE_SIGN_IDENTITY = "iPhone Developer";
				"CODE_SIGN_IDENTITY[sdk=iphoneos*]" = "iPhone Developer";
				GCC_PRECOMPILE_PREFIX_HEADER = YES;
				GCC_PREFIX_HEADER = "$(SRCROOT)/Animations/Headers.pch";
				INFOPLIST_FILE = Animations/Info.plist;
				IPHONEOS_DEPLOYMENT_TARGET = 8.0;
				LD_RUNPATH_SEARCH_PATHS = "$(inherited) @executable_path/Frameworks";
				PRODUCT_BUNDLE_IDENTIFIER = com.NonMac.selfAnimation;
				PRODUCT_NAME = "$(TARGET_NAME)";
				PROVISIONING_PROFILE = "";
			};
			name = Debug;
		};
		FAEB15E71D49DD41007DBA02 /* Release */ = {
			isa = XCBuildConfiguration;
			buildSettings = {
				ASSETCATALOG_COMPILER_APPICON_NAME = AppIcon;
				CODE_SIGN_IDENTITY = "iPhone Developer";
				"CODE_SIGN_IDENTITY[sdk=iphoneos*]" = "iPhone Developer";
				GCC_PRECOMPILE_PREFIX_HEADER = YES;
				GCC_PREFIX_HEADER = "$(SRCROOT)/Animations/Headers.pch";
				INFOPLIST_FILE = Animations/Info.plist;
				IPHONEOS_DEPLOYMENT_TARGET = 8.0;
				LD_RUNPATH_SEARCH_PATHS = "$(inherited) @executable_path/Frameworks";
				PRODUCT_BUNDLE_IDENTIFIER = com.NonMac.selfAnimation;
				PRODUCT_NAME = "$(TARGET_NAME)";
				PROVISIONING_PROFILE = "";
			};
			name = Release;
		};
/* End XCBuildConfiguration section */

/* Begin XCConfigurationList section */
		FAEB15C91D49DD41007DBA02 /* Build configuration list for PBXProject "Animations" */ = {
			isa = XCConfigurationList;
			buildConfigurations = (
				FAEB15E31D49DD41007DBA02 /* Debug */,
				FAEB15E41D49DD41007DBA02 /* Release */,
			);
			defaultConfigurationIsVisible = 0;
			defaultConfigurationName = Release;
		};
		FAEB15E51D49DD41007DBA02 /* Build configuration list for PBXNativeTarget "Animations" */ = {
			isa = XCConfigurationList;
			buildConfigurations = (
				FAEB15E61D49DD41007DBA02 /* Debug */,
				FAEB15E71D49DD41007DBA02 /* Release */,
			);
			defaultConfigurationIsVisible = 0;
			defaultConfigurationName = Release;
		};
/* End XCConfigurationList section */
	};
	rootObject = FAEB15C61D49DD41007DBA02 /* Project object */;
}
